
Microsoft Visual Studio Solution File, Format Version 12.00
# Visual Studio 15
VisualStudioVersion = 15.0.27130.2010
MinimumVisualStudioVersion = 10.0.40219.1
Project("{FAE04EC0-301F-11D3-BF4B-00C04F79EFBC}") = "MiModeloMVC", "MiModeloMVC\MiModeloMVC.csproj", "{7AB390BC-08A1-4ED9-9FFA-EB60F1AB8EAC}"
EndProject
Global
	GlobalSection(SolutionConfigurationPlatforms) = preSolution
		Debug|Any CPU = Debug|Any CPU
		Release|Any CPU = Release|Any CPU
	EndGlobalSection
	GlobalSection(ProjectConfigurationPlatforms) = postSolution
		{7AB390BC-08A1-4ED9-9FFA-EB60F1AB8EAC}.Debug|Any CPU.ActiveCfg = Debug|Any CPU
		{7AB390BC-08A1-4ED9-9FFA-EB60F1AB8EAC}.Debug|Any CPU.Build.0 = Debug|Any CPU
		{7AB390BC-08A1-4ED9-9FFA-EB60F1AB8EAC}.Release|Any CPU.ActiveCfg = Release|Any CPU
		{7AB390BC-08A1-4ED9-9FFA-EB60F1AB8EAC}.Release|Any CPU.Build.0 = Release|Any CPU
	EndGlobalSection
	GlobalSection(SolutionProperties) = preSolution
		HideSolutionNode = FALSE
	EndGlobalSection
	GlobalSection(ExtensibilityGlobals) = postSolution
		SolutionGuid = {6614E434-1052-4C6E-9BD9-4B45341840E6}
	EndGlobalSection
EndGlobal
